
Microsoft Visual Studio Solution File, Format Version 11.00
# Visual Studio 2010
Project("{FAE04EC0-301F-11D3-BF4B-00C04F79EFBC}") = "LibRincewindPlugin_4.7.2", "LibRincewindPlugin_4.7.2.csproj", "{0887B565-CAB4-4048-87F4-C67471EC438A}"
EndProject
Global
	GlobalSection(SolutionConfigurationPlatforms) = preSolution
		Debug|Any CPU = Debug|Any CPU
		Release|Any CPU = Release|Any CPU
	EndGlobalSection
	GlobalSection(ProjectConfigurationPlatforms) = postSolution
		{0887B565-CAB4-4048-87F4-C67471EC438A}.Debug|Any CPU.ActiveCfg = Debug|Any CPU
		{0887B565-CAB4-4048-87F4-C67471EC438A}.Debug|Any CPU.Build.0 = Debug|Any CPU
		{0887B565-CAB4-4048-87F4-C67471EC438A}.Release|Any CPU.ActiveCfg = Release|Any CPU
		{0887B565-CAB4-4048-87F4-C67471EC438A}.Release|Any CPU.Build.0 = Release|Any CPU
	EndGlobalSection
	GlobalSection(SolutionProperties) = preSolution
		HideSolutionNode = FALSE
	EndGlobalSection
EndGlobal
